// !$*UTF8*$!
{
	archiveVersion = 1;
	classes = {
	};
	objectVersion = 50;
	objects = {

/* Begin PBXBuildFile section */
		CF81F8BF24C948AE00022532 /* AppDelegate.swift in Sources */ = {isa = PBXBuildFile; fileRef = CF81F8BE24C948AE00022532 /* AppDelegate.swift */; };
		CF81F8C124C948AE00022532 /* SceneDelegate.swift in Sources */ = {isa = PBXBuildFile; fileRef = CF81F8C024C948AE00022532 /* SceneDelegate.swift */; };
		CF81F8C324C948AE00022532 /* ViewController.swift in Sources */ = {isa = PBXBuildFile; fileRef = CF81F8C224C948AE00022532 /* ViewController.swift */; };
		CF81F8C624C948AE00022532 /* Main.storyboard in Resources */ = {isa = PBXBuildFile; fileRef = CF81F8C424C948AE00022532 /* Main.storyboard */; };
		CF81F8C824C948B100022532 /* Assets.xcassets in Resources */ = {isa = PBXBuildFile; fileRef = CF81F8C724C948B100022532 /* Assets.xcassets */; };
		CF81F8CB24C948B100022532 /* LaunchScreen.storyboard in Resources */ = {isa = PBXBuildFile; fileRef = CF81F8C924C948B100022532 /* LaunchScreen.storyboard */; };
/* End PBXBuildFile section */

/* Begin PBXFileReference section */
		CF81F8BB24C948AE00022532 /* MINIPROJECT1.app */ = {isa = PBXFileReference; explicitFileType = wrapper.application; includeInIndex = 0; path = MINIPROJECT1.app; sourceTree = BUILT_PRODUCTS_DIR; };
		CF81F8BE24C948AE00022532 /* AppDelegate.swift */ = {isa = PBXFileReference; lastKnownFileType = sourcecode.swift; path = AppDelegate.swift; sourceTree = "<group>"; };
		CF81F8C024C948AE00022532 /* SceneDelegate.swift */ = {isa = PBXFileReference; lastKnownFileType = sourcecode.swift; path = SceneDelegate.swift; sourceTree = "<group>"; };
		CF81F8C224C948AE00022532 /* ViewController.swift */ = {isa = PBXFileReference; lastKnownFileType = sourcecode.swift; path = ViewController.swift; sourceTree = "<group>"; };
		CF81F8C524C948AE00022532 /* Base */ = {isa = PBXFileReference; lastKnownFileType = file.storyboard; name = Base; path = Base.lproj/Main.storyboard; sourceTree = "<group>"; };
		CF81F8C724C948B100022532 /* Assets.xcassets */ = {isa = PBXFileReference; lastKnownFileType = folder.assetcatalog; path = Assets.xcassets; sourceTree = "<group>"; };
		CF81F8CA24C948B100022532 /* Base */ = {isa = PBXFileReference; lastKnownFileType = file.storyboard; name = Base; path = Base.lproj/LaunchScreen.storyboard; sourceTree = "<group>"; };
		CF81F8CC24C948B100022532 /* Info.plist */ = {isa = PBXFileReference; lastKnownFileType = text.plist.xml; path = Info.plist; sourceTree = "<group>"; };
		CF81F8D224C948C300022532 /* MINIPROJECT1.entitlements */ = {isa = PBXFileReference; lastKnownFileType = text.plist.entitlements; path = MINIPROJECT1.entitlements; sourceTree = "<group>"; };
/* End PBXFileReference section */

/* Begin PBXFrameworksBuildPhase section */
		CF81F8B824C948AE00022532 /* Frameworks */ = {
			isa = PBXFrameworksBuildPhase;
			buildActionMask = 2147483647;
			files = (
			);
			runOnlyForDeploymentPostprocessing = 0;
		};
/* End PBXFrameworksBuildPhase section */

/* Begin PBXGroup section */
		CF81F8B224C948AE00022532 = {
			isa = PBXGroup;
			children = (
				CF81F8BD24C948AE00022532 /* MINIPROJECT1 */,
				CF81F8BC24C948AE00022532 /* Products */,
			);
			sourceTree = "<group>";
		};
		CF81F8BC24C948AE00022532 /* Products */ = {
			isa = PBXGroup;
			children = (
				CF81F8BB24C948AE00022532 /* MINIPROJECT1.app */,
			);
			name = Products;
			sourceTree = "<group>";
		};
		CF81F8BD24C948AE00022532 /* MINIPROJECT1 */ = {
			isa = PBXGroup;
			children = (
				CF81F8D224C948C300022532 /* MINIPROJECT1.entitlements */,
				CF81F8BE24C948AE00022532 /* AppDelegate.swift */,
				CF81F8C024C948AE00022532 /* SceneDelegate.swift */,
				CF81F8C224C948AE00022532 /* ViewController.swift */,
				CF81F8C424C948AE00022532 /* Main.storyboard */,
				CF81F8C724C948B100022532 /* Assets.xcassets */,
				CF81F8C924C948B100022532 /* LaunchScreen.storyboard */,
				CF81F8CC24C948B100022532 /* Info.plist */,
			);
			path = MINIPROJECT1;
			sourceTree = "<group>";
		};
/* End PBXGroup section */

/* Begin PBXNativeTarget section */
		CF81F8BA24C948AE00022532 /* MINIPROJECT1 */ = {
			isa = PBXNativeTarget;
			buildConfigurationList = CF81F8CF24C948B100022532 /* Build configuration list for PBXNativeTarget "MINIPROJECT1" */;
			buildPhases = (
				CF81F8B724C948AE00022532 /* Sources */,
				CF81F8B824C948AE00022532 /* Frameworks */,
				CF81F8B924C948AE00022532 /* Resources */,
			);
			buildRules = (
			);
			dependencies = (
			);
			name = MINIPROJECT1;
			productName = MINIPROJECT1;
			productReference = CF81F8BB24C948AE00022532 /* MINIPROJECT1.app */;
			productType = "com.apple.product-type.application";
		};
/* End PBXNativeTarget section */

/* Begin PBXProject section */
		CF81F8B324C948AE00022532 /* Project object */ = {
			isa = PBXProject;
			attributes = {
				LastSwiftUpdateCheck = 1160;
				LastUpgradeCheck = 1160;
				ORGANIZATIONNAME = "Christina Pan";
				TargetAttributes = {
					CF81F8BA24C948AE00022532 = {
						CreatedOnToolsVersion = 11.6;
					};
				};
			};
			buildConfigurationList = CF81F8B624C948AE00022532 /* Build configuration list for PBXProject "MINIPROJECT1" */;
			compatibilityVersion = "Xcode 9.3";
			developmentRegion = en;
			hasScannedForEncodings = 0;
			knownRegions = (
				en,
				Base,
			);
			mainGroup = CF81F8B224C948AE00022532;
			productRefGroup = CF81F8BC24C948AE00022532 /* Products */;
			projectDirPath = "";
			projectRoot = "";
			targets = (
				CF81F8BA24C948AE00022532 /* MINIPROJECT1 */,
			);
		};
/* End PBXProject section */

/* Begin PBXResourcesBuildPhase section */
		CF81F8B924C948AE00022532 /* Resources */ = {
			isa = PBXResourcesBuildPhase;
			buildActionMask = 2147483647;
			files = (
				CF81F8CB24C948B100022532 /* LaunchScreen.storyboard in Resources */,
				CF81F8C824C948B100022532 /* Assets.xcassets in Resources */,
				CF81F8C624C948AE00022532 /* Main.storyboard in Resources */,
			);
			runOnlyForDeploymentPostprocessing = 0;
		};
/* End PBXResourcesBuildPhase section */

/* Begin PBXSourcesBuildPhase section */
		CF81F8B724C948AE00022532 /* Sources */ = {
			isa = PBXSourcesBuildPhase;
			buildActionMask = 2147483647;
			files = (
				CF81F8C324C948AE00022532 /* ViewController.swift in Sources */,
				CF81F8BF24C948AE00022532 /* AppDelegate.swift in Sources */,
				CF81F8C124C948AE00022532 /* SceneDelegate.swift in Sources */,
			);
			runOnlyForDeploymentPostprocessing = 0;
		};
/* End PBXSourcesBuildPhase section */

/* Begin PBXVariantGroup section */
		CF81F8C424C948AE00022532 /* Main.storyboard */ = {
			isa = PBXVariantGroup;
			children = (
				CF81F8C524C948AE00022532 /* Base */,
			);
			name = Main.storyboard;
			sourceTree = "<group>";
		};
		CF81F8C924C948B100022532 /* LaunchScreen.storyboard */ = {
			isa = PBXVariantGroup;
			children = (
				CF81F8CA24C948B100022532 /* Base */,
			);
			name = LaunchScreen.storyboard;
			sourceTree = "<group>";
		};
/* End PBXVariantGroup section */

/* Begin XCBuildConfiguration section */
		CF81F8CD24C948B100022532 /* Debug */ = {
			isa = XCBuildConfiguration;
			buildSettings = {
				ALWAYS_SEARCH_USER_PATHS = NO;
				CLANG_ANALYZER_NONNULL = YES;
				CLANG_ANALYZER_NUMBER_OBJECT_CONVERSION = YES_AGGRESSIVE;
				CLANG_CXX_LANGUAGE_STANDARD = "gnu++14";
				CLANG_CXX_LIBRARY = "libc++";
				CLANG_ENABLE_MODULES = YES;
				CLANG_ENABLE_OBJC_ARC = YES;
				CLANG_ENABLE_OBJC_WEAK = YES;
				CLANG_WARN_BLOCK_CAPTURE_AUTORELEASING = YES;
				CLANG_WARN_BOOL_CONVERSION = YES;
				CLANG_WARN_COMMA = YES;
				CLANG_WARN_CONSTANT_CONVERSION = YES;
				CLANG_WARN_DEPRECATED_OBJC_IMPLEMENTATIONS = YES;
				CLANG_WARN_DIRECT_OBJC_ISA_USAGE = YES_ERROR;
				CLANG_WARN_DOCUMENTATION_COMMENTS = YES;
				CLANG_WARN_EMPTY_BODY = YES;
				CLANG_WARN_ENUM_CONVERSION = YES;
				CLANG_WARN_INFINITE_RECURSION = YES;
				CLANG_WARN_INT_CONVERSION = YES;
				CLANG_WARN_NON_LITERAL_NULL_CONVERSION = YES;
				CLANG_WARN_OBJC_IMPLICIT_RETAIN_SELF = YES;
				CLANG_WARN_OBJC_LITERAL_CONVERSION = YES;
				CLANG_WARN_OBJC_ROOT_CLASS = YES_ERROR;
				CLANG_WARN_RANGE_LOOP_ANALYSIS = YES;
				CLANG_WARN_STRICT_PROTOTYPES = YES;
				CLANG_WARN_SUSPICIOUS_MOVE = YES;
				CLANG_WARN_UNGUARDED_AVAILABILITY = YES_AGGRESSIVE;
				CLANG_WARN_UNREACHABLE_CODE = YES;
				CLANG_WARN__DUPLICATE_METHOD_MATCH = YES;
				COPY_PHASE_STRIP = NO;
				DEBUG_INFORMATION_FORMAT = dwarf;
				ENABLE_STRICT_OBJC_MSGSEND = YES;
				ENABLE_TESTABILITY = YES;
				GCC_C_LANGUAGE_STANDARD = gnu11;
				GCC_DYNAMIC_NO_PIC = NO;
				GCC_NO_COMMON_BLOCKS = YES;
				GCC_OPTIMIZATION_LEVEL = 0;
				GCC_PREPROCESSOR_DEFINITIONS = (
					"DEBUG=1",
					"$(inherited)",
				);
				GCC_WARN_64_TO_32_BIT_CONVERSION = YES;
				GCC_WARN_ABOUT_RETURN_TYPE = YES_ERROR;
				GCC_WARN_UNDECLARED_SELECTOR = YES;
				GCC_WARN_UNINITIALIZED_AUTOS = YES_AGGRESSIVE;
				GCC_WARN_UNUSED_FUNCTION = YES;
				GCC_WARN_UNUSED_VARIABLE = YES;
				IPHONEOS_DEPLOYMENT_TARGET = 13.6;
				MTL_ENABLE_DEBUG_INFO = INCLUDE_SOURCE;
				MTL_FAST_MATH = YES;
				ONLY_ACTIVE_ARCH = YES;
				SDKROOT = iphoneos;
				SWIFT_ACTIVE_COMPILATION_CONDITIONS = DEBUG;
				SWIFT_OPTIMIZATION_LEVEL = "-Onone";
			};
			name = Debug;
		};
		CF81F8CE24C948B100022532 /* Release */ = {
			isa = XCBuildConfiguration;
			buildSettings = {
				ALWAYS_SEARCH_USER_PATHS = NO;
				CLANG_ANALYZER_NONNULL = YES;
				CLANG_ANALYZER_NUMBER_OBJECT_CONVERSION = YES_AGGRESSIVE;
				CLANG_CXX_LANGUAGE_STANDARD = "gnu++14";
				CLANG_CXX_LIBRARY = "libc++";
				CLANG_ENABLE_MODULES = YES;
				CLANG_ENABLE_OBJC_ARC = YES;
				CLANG_ENABLE_OBJC_WEAK = YES;
				CLANG_WARN_BLOCK_CAPTURE_AUTORELEASING = YES;
				CLANG_WARN_BOOL_CONVERSION = YES;
				CLANG_WARN_COMMA = YES;
				CLANG_WARN_CONSTANT_CONVERSION = YES;
				CLANG_WARN_DEPRECATED_OBJC_IMPLEMENTATIONS = YES;
				CLANG_WARN_DIRECT_OBJC_ISA_USAGE = YES_ERROR;
				CLANG_WARN_DOCUMENTATION_COMMENTS = YES;
				CLANG_WARN_EMPTY_BODY = YES;
				CLANG_WARN_ENUM_CONVERSION = YES;
				CLANG_WARN_INFINITE_RECURSION = YES;
				CLANG_WARN_INT_CONVERSION = YES;
				CLANG_WARN_NON_LITERAL_NULL_CONVERSION = YES;
				CLANG_WARN_OBJC_IMPLICIT_RETAIN_SELF = YES;
				CLANG_WARN_OBJC_LITERAL_CONVERSION = YES;
				CLANG_WARN_OBJC_ROOT_CLASS = YES_ERROR;
				CLANG_WARN_RANGE_LOOP_ANALYSIS = YES;
				CLANG_WARN_STRICT_PROTOTYPES = YES;
				CLANG_WARN_SUSPICIOUS_MOVE = YES;
				CLANG_WARN_UNGUARDED_AVAILABILITY = YES_AGGRESSIVE;
				CLANG_WARN_UNREACHABLE_CODE = YES;
				CLANG_WARN__DUPLICATE_METHOD_MATCH = YES;
				COPY_PHASE_STRIP = NO;
				DEBUG_INFORMATION_FORMAT = "dwarf-with-dsym";
				ENABLE_NS_ASSERTIONS = NO;
				ENABLE_STRICT_OBJC_MSGSEND = YES;
				GCC_C_LANGUAGE_STANDARD = gnu11;
				GCC_NO_COMMON_BLOCKS = YES;
				GCC_WARN_64_TO_32_BIT_CONVERSION = YES;
				GCC_WARN_ABOUT_RETURN_TYPE = YES_ERROR;
				GCC_WARN_UNDECLARED_SELECTOR = YES;
				GCC_WARN_UNINITIALIZED_AUTOS = YES_AGGRESSIVE;
				GCC_WARN_UNUSED_FUNCTION = YES;
				GCC_WARN_UNUSED_VARIABLE = YES;
				IPHONEOS_DEPLOYMENT_TARGET = 13.6;
				MTL_ENABLE_DEBUG_INFO = NO;
				MTL_FAST_MATH = YES;
				SDKROOT = iphoneos;
				SWIFT_COMPILATION_MODE = wholemodule;
				SWIFT_OPTIMIZATION_LEVEL = "-O";
				VALIDATE_PRODUCT = YES;
			};
			name = Release;
		};
		CF81F8D024C948B100022532 /* Debug */ = {
			isa = XCBuildConfiguration;
			buildSettings = {
				ASSETCATALOG_COMPILER_APPICON_NAME = AppIcon;
				CODE_SIGN_ENTITLEMENTS = MINIPROJECT1/MINIPROJECT1.entitlements;
				CODE_SIGN_STYLE = Automatic;
				INFOPLIST_FILE = MINIPROJECT1/Info.plist;
				LD_RUNPATH_SEARCH_PATHS = (
					"$(inherited)",
					"@executable_path/Frameworks",
				);
				PRODUCT_BUNDLE_IDENTIFIER = ChristinaPan.MINIPROJECT1;
				PRODUCT_NAME = "$(TARGET_NAME)";
				SUPPORTS_MACCATALYST = YES;
				SWIFT_VERSION = 5.0;
				TARGETED_DEVICE_FAMILY = "1,2";
			};
			name = Debug;
		};
		CF81F8D124C948B100022532 /* Release */ = {
			isa = XCBuildConfiguration;
			buildSettings = {
				ASSETCATALOG_COMPILER_APPICON_NAME = AppIcon;
				CODE_SIGN_ENTITLEMENTS = MINIPROJECT1/MINIPROJECT1.entitlements;
				CODE_SIGN_STYLE = Automatic;
				INFOPLIST_FILE = MINIPROJECT1/Info.plist;
				LD_RUNPATH_SEARCH_PATHS = (
					"$(inherited)",
					"@executable_path/Frameworks",
				);
				PRODUCT_BUNDLE_IDENTIFIER = ChristinaPan.MINIPROJECT1;
				PRODUCT_NAME = "$(TARGET_NAME)";
				SUPPORTS_MACCATALYST = YES;
				SWIFT_VERSION = 5.0;
				TARGETED_DEVICE_FAMILY = "1,2";
			};
			name = Release;
		};
/* End XCBuildConfiguration section */

/* Begin XCConfigurationList section */
		CF81F8B624C948AE00022532 /* Build configuration list for PBXProject "MINIPROJECT1" */ = {
			isa = XCConfigurationList;
			buildConfigurations = (
				CF81F8CD24C948B100022532 /* Debug */,
				CF81F8CE24C948B100022532 /* Release */,
			);
			defaultConfigurationIsVisible = 0;
			defaultConfigurationName = Release;
		};
		CF81F8CF24C948B100022532 /* Build configuration list for PBXNativeTarget "MINIPROJECT1" */ = {
			isa = XCConfigurationList;
			buildConfigurations = (
				CF81F8D024C948B100022532 /* Debug */,
				CF81F8D124C948B100022532 /* Release */,
			);
			defaultConfigurationIsVisible = 0;
			defaultConfigurationName = Release;
		};
/* End XCConfigurationList section */
	};
	rootObject = CF81F8B324C948AE00022532 /* Project object */;
}
